Microsoft Visual Studio Solution File, Format Version 12.00
# Visual Studio 15
VisualStudioVersion = 15.0.26730.12
MinimumVisualStudioVersion = 10.0.40219.1
Project("{2150E333-8FDC-42A3-9474-1A3956D46DE8}") = "src", "src", "{80DCAF88-B204-42E5-A941-00EACE295A67}"
EndProject
Project("{2150E333-8FDC-42A3-9474-1A3956D46DE8}") = "Solution Items", "Solution Items", "{FFC03483-99CA-460A-8B40-EAB057EA4A3D}"
	ProjectSection(SolutionItems) = preProject
		.editorconfig = .editorconfig
		.gitignore = .gitignore
		license.md = license.md
		readme.md = readme.md
	EndProjectSection
EndProject
Project("{9A19103F-16F7-4668-BE54-9A1E7A4F7556}") = "CqrsApi.Sample", "sample\CqrsApi.Sample.csproj", "{6DECE9B8-1173-4146-9F99-79718C81FC37}"
EndProject
Project("{9A19103F-16F7-4668-BE54-9A1E7A4F7556}") = "CqrsApi", "src\CqrsApi.csproj", "{457DB3FB-933C-4BFB-8799-FCD5F3FBD0D0}"
EndProject
Project("{9A19103F-16F7-4668-BE54-9A1E7A4F7556}") = "CqrsApi.Tests", "test\CqrsApi.Tests.csproj", "{0C2EF4E8-50FB-4539-9F65-EC4BFAFD8F3D}"
EndProject
Global
	GlobalSection(SolutionConfigurationPlatforms) = preSolution
		Debug|Any CPU = Debug|Any CPU
		Release|Any CPU = Release|Any CPU
	EndGlobalSection
	GlobalSection(ProjectConfigurationPlatforms) = postSolution
		{6DECE9B8-1173-4146-9F99-79718C81FC37}.Debug|Any CPU.ActiveCfg = Debug|Any CPU
		{6DECE9B8-1173-4146-9F99-79718C81FC37}.Debug|Any CPU.Build.0 = Debug|Any CPU
		{6DECE9B8-1173-4146-9F99-79718C81FC37}.Release|Any CPU.ActiveCfg = Release|Any CPU
		{6DECE9B8-1173-4146-9F99-79718C81FC37}.Release|Any CPU.Build.0 = Release|Any CPU
		{457DB3FB-933C-4BFB-8799-FCD5F3FBD0D0}.Debug|Any CPU.ActiveCfg = Debug|Any CPU
		{457DB3FB-933C-4BFB-8799-FCD5F3FBD0D0}.Debug|Any CPU.Build.0 = Debug|Any CPU
		{457DB3FB-933C-4BFB-8799-FCD5F3FBD0D0}.Release|Any CPU.ActiveCfg = Release|Any CPU
		{457DB3FB-933C-4BFB-8799-FCD5F3FBD0D0}.Release|Any CPU.Build.0 = Release|Any CPU
		{0C2EF4E8-50FB-4539-9F65-EC4BFAFD8F3D}.Debug|Any CPU.ActiveCfg = Debug|Any CPU
		{0C2EF4E8-50FB-4539-9F65-EC4BFAFD8F3D}.Debug|Any CPU.Build.0 = Debug|Any CPU
		{0C2EF4E8-50FB-4539-9F65-EC4BFAFD8F3D}.Release|Any CPU.ActiveCfg = Release|Any CPU
		{0C2EF4E8-50FB-4539-9F65-EC4BFAFD8F3D}.Release|Any CPU.Build.0 = Release|Any CPU
	EndGlobalSection
	GlobalSection(SolutionProperties) = preSolution
		HideSolutionNode = FALSE
	EndGlobalSection
	GlobalSection(NestedProjects) = preSolution
		{6DECE9B8-1173-4146-9F99-79718C81FC37} = {80DCAF88-B204-42E5-A941-00EACE295A67}
		{457DB3FB-933C-4BFB-8799-FCD5F3FBD0D0} = {80DCAF88-B204-42E5-A941-00EACE295A67}
	EndGlobalSection
	GlobalSection(ExtensibilityGlobals) = postSolution
		SolutionGuid = {35C2B42E-4FA9-411E-B11C-E9B06C321876}
	EndGlobalSection
EndGlobal
