
Microsoft Visual Studio Solution File, Format Version 12.00
# Visual Studio 14
VisualStudioVersion = 14.0.25420.1
MinimumVisualStudioVersion = 10.0.40219.1
Project("{2150E333-8FDC-42A3-9474-1A3956D46DE8}") = "src", "src", "{80DCAF88-B204-42E5-A941-00EACE295A67}"
EndProject
Project("{2150E333-8FDC-42A3-9474-1A3956D46DE8}") = "Solution Items", "Solution Items", "{FFC03483-99CA-460A-8B40-EAB057EA4A3D}"
	ProjectSection(SolutionItems) = preProject
		global.json = global.json
	EndProjectSection
EndProject
Project("{8BB2217D-0F2D-49D1-97BC-3654ED321F3B}") = "CqrsApi.Web", "src\CqrsApi.Web\CqrsApi.Web.xproj", "{6DECE9B8-1173-4146-9F99-79718C81FC37}"
EndProject
Global
	GlobalSection(SolutionConfigurationPlatforms) = preSolution
		Debug|Any CPU = Debug|Any CPU
		Release|Any CPU = Release|Any CPU
	EndGlobalSection
	GlobalSection(ProjectConfigurationPlatforms) = postSolution
		{6DECE9B8-1173-4146-9F99-79718C81FC37}.Debug|Any CPU.ActiveCfg = Debug|Any CPU
		{6DECE9B8-1173-4146-9F99-79718C81FC37}.Debug|Any CPU.Build.0 = Debug|Any CPU
		{6DECE9B8-1173-4146-9F99-79718C81FC37}.Release|Any CPU.ActiveCfg = Release|Any CPU
		{6DECE9B8-1173-4146-9F99-79718C81FC37}.Release|Any CPU.Build.0 = Release|Any CPU
	EndGlobalSection
	GlobalSection(SolutionProperties) = preSolution
		HideSolutionNode = FALSE
	EndGlobalSection
	GlobalSection(NestedProjects) = preSolution
		{6DECE9B8-1173-4146-9F99-79718C81FC37} = {80DCAF88-B204-42E5-A941-00EACE295A67}
	EndGlobalSection
EndGlobal
